<?xml version="1.0" encoding="utf-8"?>
<Project ToolsVersion="4.0" xmlns="http://schemas.microsoft.com/developer/msbuild/2003">
  <ItemGroup>
    <Filter Include="Source Files">
      <UniqueIdentifier>{4FC737F1-C7A5-4376-A066-2A32D752A2FF}</UniqueIdentifier>
      <Extensions>cpp;c;cc;cxx;def;odl;idl;hpj;bat;asm;asmx</Extensions>
    </Filter>
    <Filter Include="Header Files">
      <UniqueIdentifier>{93995380-89BD-4b04-88EB-625FBE52EBFB}</UniqueIdentifier>
      <Extensions>h;hh;hpp;hxx;hm;inl;inc;xsd</Extensions>
    </Filter>
    <Filter Include="Resource Files">
      <UniqueIdentifier>{67DA6AB6-F800-4c08-8B7A-83BB121AAD01}</UniqueIdentifier>
      <Extensions>rc;ico;cur;bmp;dlg;rc2;rct;bin;rgs;gif;jpg;jpeg;jpe;resx;tiff;tif;png;wav;mfcribbon-ms</Extensions>
    </Filter>
  </ItemGroup>
  <ItemGroup>
    <ClInclude Include="Source\Atom.hpp">
      <Filter>Header Files</Filter>
    </ClInclude>
    <ClInclude Include="Vendor\FreeType\freetype-gl\common.h">
      <Filter>Header Files</Filter>
    </ClInclude>
    <ClInclude Include="Vendor\FreeType\freetype-gl\freetype-gl.h">
      <Filter>Header Files</Filter>
    </ClInclude>
    <ClInclude Include="Vendor\FreeType\freetype-gl\opengl.h">
      <Filter>Header Files</Filter>
    </ClInclude>
    <ClInclude Include="Vendor\FreeType\freetype-gl\platform.h">
      <Filter>Header Files</Filter>
    </ClInclude>
    <ClInclude Include="Vendor\FreeType\freetype-gl\texture-atlas.h">
      <Filter>Header Files</Filter>
    </ClInclude>
    <ClInclude Include="Vendor\FreeType\freetype-gl\texture-font.h">
      <Filter>Header Files</Filter>
    </ClInclude>
    <ClInclude Include="Vendor\FreeType\freetype-gl\vec234.h">
      <Filter>Header Files</Filter>
    </ClInclude>
    <ClInclude Include="Vendor\FreeType\freetype-gl\vector.h">
      <Filter>Header Files</Filter>
    </ClInclude>
    <ClInclude Include="Vendor\Box2D\Box2D\Collision\Shapes\b2ChainShape.h">
      <Filter>Header Files</Filter>
    </ClInclude>
    <ClInclude Include="Vendor\Box2D\Box2D\Collision\Shapes\b2CircleShape.h">
      <Filter>Header Files</Filter>
    </ClInclude>
    <ClInclude Include="Vendor\Box2D\Box2D\Collision\Shapes\b2EdgeShape.h">
      <Filter>Header Files</Filter>
    </ClInclude>
    <ClInclude Include="Vendor\Box2D\Box2D\Collision\Shapes\b2PolygonShape.h">
      <Filter>Header Files</Filter>
    </ClInclude>
    <ClInclude Include="Vendor\Box2D\Box2D\Collision\Shapes\b2Shape.h">
      <Filter>Header Files</Filter>
    </ClInclude>
    <ClInclude Include="Vendor\Box2D\Box2D\Collision\b2BroadPhase.h">
      <Filter>Header Files</Filter>
    </ClInclude>
    <ClInclude Include="Vendor\Box2D\Box2D\Collision\b2Collision.h">
      <Filter>Header Files</Filter>
    </ClInclude>
    <ClInclude Include="Vendor\Box2D\Box2D\Collision\b2Distance.h">
      <Filter>Header Files</Filter>
    </ClInclude>
    <ClInclude Include="Vendor\Box2D\Box2D\Collision\b2DynamicTree.h">
      <Filter>Header Files</Filter>
    </ClInclude>
    <ClInclude Include="Vendor\Box2D\Box2D\Collision\b2TimeOfImpact.h">
      <Filter>Header Files</Filter>
    </ClInclude>
    <ClInclude Include="Vendor\Box2D\Box2D\Common\b2BlockAllocator.h">
      <Filter>Header Files</Filter>
    </ClInclude>
    <ClInclude Include="Vendor\Box2D\Box2D\Common\b2Draw.h">
      <Filter>Header Files</Filter>
    </ClInclude>
    <ClInclude Include="Vendor\Box2D\Box2D\Common\b2GrowableStack.h">
      <Filter>Header Files</Filter>
    </ClInclude>
    <ClInclude Include="Vendor\Box2D\Box2D\Common\b2Math.h">
      <Filter>Header Files</Filter>
    </ClInclude>
    <ClInclude Include="Vendor\Box2D\Box2D\Common\b2Settings.h">
      <Filter>Header Files</Filter>
    </ClInclude>
    <ClInclude Include="Vendor\Box2D\Box2D\Common\b2StackAllocator.h">
      <Filter>Header Files</Filter>
    </ClInclude>
    <ClInclude Include="Vendor\Box2D\Box2D\Common\b2Timer.h">
      <Filter>Header Files</Filter>
    </ClInclude>
    <ClInclude Include="Vendor\Box2D\Box2D\Dynamics\Contacts\b2ChainAndCircleContact.h">
      <Filter>Header Files</Filter>
    </ClInclude>
    <ClInclude Include="Vendor\Box2D\Box2D\Dynamics\Contacts\b2ChainAndPolygonContact.h">
      <Filter>Header Files</Filter>
    </ClInclude>
    <ClInclude Include="Vendor\Box2D\Box2D\Dynamics\Contacts\b2CircleContact.h">
      <Filter>Header Files</Filter>
    </ClInclude>
    <ClInclude Include="Vendor\Box2D\Box2D\Dynamics\Contacts\b2Contact.h">
      <Filter>Header Files</Filter>
    </ClInclude>
    <ClInclude Include="Vendor\Box2D\Box2D\Dynamics\Contacts\b2ContactSolver.h">
      <Filter>Header Files</Filter>
    </ClInclude>
    <ClInclude Include="Vendor\Box2D\Box2D\Dynamics\Contacts\b2EdgeAndCircleContact.h">
      <Filter>Header Files</Filter>
    </ClInclude>
    <ClInclude Include="Vendor\Box2D\Box2D\Dynamics\Contacts\b2EdgeAndPolygonContact.h">
      <Filter>Header Files</Filter>
    </ClInclude>
    <ClInclude Include="Vendor\Box2D\Box2D\Dynamics\Contacts\b2PolygonAndCircleContact.h">
      <Filter>Header Files</Filter>
    </ClInclude>
    <ClInclude Include="Vendor\Box2D\Box2D\Dynamics\Contacts\b2PolygonContact.h">
      <Filter>Header Files</Filter>
    </ClInclude>
    <ClInclude Include="Vendor\Box2D\Box2D\Dynamics\Joints\b2DistanceJoint.h">
      <Filter>Header Files</Filter>
    </ClInclude>
    <ClInclude Include="Vendor\Box2D\Box2D\Dynamics\Joints\b2FrictionJoint.h">
      <Filter>Header Files</Filter>
    </ClInclude>
    <ClInclude Include="Vendor\Box2D\Box2D\Dynamics\Joints\b2GearJoint.h">
      <Filter>Header Files</Filter>
    </ClInclude>
    <ClInclude Include="Vendor\Box2D\Box2D\Dynamics\Joints\b2Joint.h">
      <Filter>Header Files</Filter>
    </ClInclude>
    <ClInclude Include="Vendor\Box2D\Box2D\Dynamics\Joints\b2MotorJoint.h">
      <Filter>Header Files</Filter>
    </ClInclude>
    <ClInclude Include="Vendor\Box2D\Box2D\Dynamics\Joints\b2MouseJoint.h">
      <Filter>Header Files</Filter>
    </ClInclude>
    <ClInclude Include="Vendor\Box2D\Box2D\Dynamics\Joints\b2PrismaticJoint.h">
      <Filter>Header Files</Filter>
    </ClInclude>
    <ClInclude Include="Vendor\Box2D\Box2D\Dynamics\Joints\b2PulleyJoint.h">
      <Filter>Header Files</Filter>
    </ClInclude>
    <ClInclude Include="Vendor\Box2D\Box2D\Dynamics\Joints\b2RevoluteJoint.h">
      <Filter>Header Files</Filter>
    </ClInclude>
    <ClInclude Include="Vendor\Box2D\Box2D\Dynamics\Joints\b2RopeJoint.h">
      <Filter>Header Files</Filter>
    </ClInclude>
    <ClInclude Include="Vendor\Box2D\Box2D\Dynamics\Joints\b2WeldJoint.h">
      <Filter>Header Files</Filter>
    </ClInclude>
    <ClInclude Include="Vendor\Box2D\Box2D\Dynamics\Joints\b2WheelJoint.h">
      <Filter>Header Files</Filter>
    </ClInclude>
    <ClInclude Include="Vendor\Box2D\Box2D\Dynamics\b2Body.h">
      <Filter>Header Files</Filter>
    </ClInclude>
    <ClInclude Include="Vendor\Box2D\Box2D\Dynamics\b2ContactManager.h">
      <Filter>Header Files</Filter>
    </ClInclude>
    <ClInclude Include="Vendor\Box2D\Box2D\Dynamics\b2Fixture.h">
      <Filter>Header Files</Filter>
    </ClInclude>
    <ClInclude Include="Vendor\Box2D\Box2D\Dynamics\b2Island.h">
      <Filter>Header Files</Filter>
    </ClInclude>
    <ClInclude Include="Vendor\Box2D\Box2D\Dynamics\b2TimeStep.h">
      <Filter>Header Files</Filter>
    </ClInclude>
    <ClInclude Include="Vendor\Box2D\Box2D\Dynamics\b2World.h">
      <Filter>Header Files</Filter>
    </ClInclude>
    <ClInclude Include="Vendor\Box2D\Box2D\Dynamics\b2WorldCallbacks.h">
      <Filter>Header Files</Filter>
    </ClInclude>
    <ClInclude Include="Vendor\Box2D\Box2D\Rope\b2Rope.h">
      <Filter>Header Files</Filter>
    </ClInclude>
    <ClInclude Include="Vendor\Box2D\Box2D\Box2D.h">
      <Filter>Header Files</Filter>
    </ClInclude>
    <ClInclude Include="Vendor\Box2D\Box2D.h">
      <Filter>Header Files</Filter>
    </ClInclude>
    <ClInclude Include="Vendor\GorillaAudio\ext\libvorbis\lib\books\coupled\res_books_stereo.h">
      <Filter>Header Files</Filter>
    </ClInclude>
    <ClInclude Include="Vendor\GorillaAudio\ext\libvorbis\lib\books\floor\floor_books.h">
      <Filter>Header Files</Filter>
    </ClInclude>
    <ClInclude Include="Vendor\GorillaAudio\ext\libvorbis\lib\books\uncoupled\res_books_uncoupled.h">
      <Filter>Header Files</Filter>
    </ClInclude>
    <ClInclude Include="Vendor\GorillaAudio\ext\libvorbis\lib\modes\floor_all.h">
      <Filter>Header Files</Filter>
    </ClInclude>
    <ClInclude Include="Vendor\GorillaAudio\ext\libvorbis\lib\modes\psych_8.h">
      <Filter>Header Files</Filter>
    </ClInclude>
    <ClInclude Include="Vendor\GorillaAudio\ext\libvorbis\lib\modes\psych_11.h">
      <Filter>Header Files</Filter>
    </ClInclude>
    <ClInclude Include="Vendor\GorillaAudio\ext\libvorbis\lib\modes\psych_16.h">
      <Filter>Header Files</Filter>
    </ClInclude>
    <ClInclude Include="Vendor\GorillaAudio\ext\libvorbis\lib\modes\psych_44.h">
      <Filter>Header Files</Filter>
    </ClInclude>
    <ClInclude Include="Vendor\GorillaAudio\ext\libvorbis\lib\modes\residue_8.h">
      <Filter>Header Files</Filter>
    </ClInclude>
    <ClInclude Include="Vendor\GorillaAudio\ext\libvorbis\lib\modes\residue_16.h">
      <Filter>Header Files</Filter>
    </ClInclude>
    <ClInclude Include="Vendor\GorillaAudio\ext\libvorbis\lib\modes\residue_44.h">
      <Filter>Header Files</Filter>
    </ClInclude>
    <ClInclude Include="Vendor\GorillaAudio\ext\libvorbis\lib\modes\residue_44u.h">
      <Filter>Header Files</Filter>
    </ClInclude>
    <ClInclude Include="Vendor\GorillaAudio\ext\libvorbis\lib\modes\setup_8.h">
      <Filter>Header Files</Filter>
    </ClInclude>
    <ClInclude Include="Vendor\GorillaAudio\ext\libvorbis\lib\modes\setup_11.h">
      <Filter>Header Files</Filter>
    </ClInclude>
    <ClInclude Include="Vendor\GorillaAudio\ext\libvorbis\lib\modes\setup_16.h">
      <Filter>Header Files</Filter>
    </ClInclude>
    <ClInclude Include="Vendor\GorillaAudio\ext\libvorbis\lib\modes\setup_22.h">
      <Filter>Header Files</Filter>
    </ClInclude>
    <ClInclude Include="Vendor\GorillaAudio\ext\libvorbis\lib\modes\setup_32.h">
      <Filter>Header Files</Filter>
    </ClInclude>
    <ClInclude Include="Vendor\GorillaAudio\ext\libvorbis\lib\modes\setup_44.h">
      <Filter>Header Files</Filter>
    </ClInclude>
    <ClInclude Include="Vendor\GorillaAudio\ext\libvorbis\lib\modes\setup_44u.h">
      <Filter>Header Files</Filter>
    </ClInclude>
    <ClInclude Include="Vendor\GorillaAudio\ext\libvorbis\lib\modes\setup_X.h">
      <Filter>Header Files</Filter>
    </ClInclude>
    <ClInclude Include="Vendor\GorillaAudio\ext\libvorbis\lib\backends.h">
      <Filter>Header Files</Filter>
    </ClInclude>
    <ClInclude Include="Vendor\GorillaAudio\ext\libvorbis\lib\bitrate.h">
      <Filter>Header Files</Filter>
    </ClInclude>
    <ClInclude Include="Vendor\GorillaAudio\ext\libvorbis\lib\codebook.h">
      <Filter>Header Files</Filter>
    </ClInclude>
    <ClInclude Include="Vendor\GorillaAudio\ext\libvorbis\lib\codec_internal.h">
      <Filter>Header Files</Filter>
    </ClInclude>
    <ClInclude Include="Vendor\GorillaAudio\ext\libvorbis\lib\envelope.h">
      <Filter>Header Files</Filter>
    </ClInclude>
    <ClInclude Include="Vendor\GorillaAudio\ext\libvorbis\lib\highlevel.h">
      <Filter>Header Files</Filter>
    </ClInclude>
    <ClInclude Include="Vendor\GorillaAudio\ext\libvorbis\lib\lookup.h">
      <Filter>Header Files</Filter>
    </ClInclude>
    <ClInclude Include="Vendor\GorillaAudio\ext\libvorbis\lib\lookup_data.h">
      <Filter>Header Files</Filter>
    </ClInclude>
    <ClInclude Include="Vendor\GorillaAudio\ext\libvorbis\lib\lpc.h">
      <Filter>Header Files</Filter>
    </ClInclude>
    <ClInclude Include="Vendor\GorillaAudio\ext\libvorbis\lib\lsp.h">
      <Filter>Header Files</Filter>
    </ClInclude>
    <ClInclude Include="Vendor\GorillaAudio\ext\libvorbis\lib\masking.h">
      <Filter>Header Files</Filter>
    </ClInclude>
    <ClInclude Include="Vendor\GorillaAudio\ext\libvorbis\lib\mdct.h">
      <Filter>Header Files</Filter>
    </ClInclude>
    <ClInclude Include="Vendor\GorillaAudio\ext\libvorbis\lib\misc.h">
      <Filter>Header Files</Filter>
    </ClInclude>
    <ClInclude Include="Vendor\GorillaAudio\ext\libvorbis\lib\os.h">
      <Filter>Header Files</Filter>
    </ClInclude>
    <ClInclude Include="Vendor\GorillaAudio\ext\libvorbis\lib\psy.h">
      <Filter>Header Files</Filter>
    </ClInclude>
    <ClInclude Include="Vendor\GorillaAudio\ext\libvorbis\lib\registry.h">
      <Filter>Header Files</Filter>
    </ClInclude>
    <ClInclude Include="Vendor\GorillaAudio\ext\libvorbis\lib\scales.h">
      <Filter>Header Files</Filter>
    </ClInclude>
    <ClInclude Include="Vendor\GorillaAudio\ext\libvorbis\lib\smallft.h">
      <Filter>Header Files</Filter>
    </ClInclude>
    <ClInclude Include="Vendor\GorillaAudio\ext\libvorbis\lib\window.h">
      <Filter>Header Files</Filter>
    </ClInclude>
    <ClInclude Include="Source\Atom\Engine.hpp">
      <Filter>Header Files</Filter>
    </ClInclude>
    <ClInclude Include="Source\Atom\Types.hpp">
      <Filter>Header Files</Filter>
    </ClInclude>
    <ClInclude Include="Source\Atom\Audio\AudioManager.hpp">
      <Filter>Header Files</Filter>
    </ClInclude>
    <ClInclude Include="Source\Atom\Audio\Sound.hpp">
      <Filter>Header Files</Filter>
    </ClInclude>
    <ClInclude Include="Source\Atom\Debug\Debug.hpp">
      <Filter>Header Files</Filter>
    </ClInclude>
    <ClInclude Include="Source\Atom\Graphics\Buffers\FrameBuffer.hpp">
      <Filter>Header Files</Filter>
    </ClInclude>
    <ClInclude Include="Source\Atom\Graphics\Buffers\IndexBuffer.hpp">
      <Filter>Header Files</Filter>
    </ClInclude>
    <ClInclude Include="Source\Atom\Graphics\Buffers\VertexArray.hpp">
      <Filter>Header Files</Filter>
    </ClInclude>
    <ClInclude Include="Source\Atom\Graphics\Buffers\VertexBuffer.hpp">
      <Filter>Header Files</Filter>
    </ClInclude>
    <ClInclude Include="Source\Atom\Graphics\Layers\Group.hpp">
      <Filter>Header Files</Filter>
    </ClInclude>
    <ClInclude Include="Source\Atom\Graphics\Layers\Layer.hpp">
      <Filter>Header Files</Filter>
    </ClInclude>
    <ClInclude Include="Source\Atom\Graphics\Renderables\Renderable2D.hpp">
      <Filter>Header Files</Filter>
    </ClInclude>
    <ClInclude Include="Source\Atom\Graphics\Renderables\Sprite.hpp">
      <Filter>Header Files</Filter>
    </ClInclude>
    <ClInclude Include="Source\Atom\Graphics\Shaders\Shader.hpp">
      <Filter>Header Files</Filter>
    </ClInclude>
    <ClInclude Include="Source\Atom\Graphics\Text\Font.hpp">
      <Filter>Header Files</Filter>
    </ClInclude>
    <ClInclude Include="Source\Atom\Graphics\Text\FontManager.hpp">
      <Filter>Header Files</Filter>
    </ClInclude>
    <ClInclude Include="Source\Atom\Graphics\Text\Label.hpp">
      <Filter>Header Files</Filter>
    </ClInclude>
    <ClInclude Include="Source\Atom\Graphics\Camera.hpp">
      <Filter>Header Files</Filter>
    </ClInclude>
    <ClInclude Include="Source\Atom\Graphics\Color.hpp">
      <Filter>Header Files</Filter>
    </ClInclude>
    <ClInclude Include="Source\Atom\Graphics\Entity.hpp">
      <Filter>Header Files</Filter>
    </ClInclude>
    <ClInclude Include="Source\Atom\Graphics\Light2D.hpp">
      <Filter>Header Files</Filter>
    </ClInclude>
    <ClInclude Include="Source\Atom\Graphics\OpenGL.hpp">
      <Filter>Header Files</Filter>
    </ClInclude>
    <ClInclude Include="Source\Atom\Graphics\Renderer2D.hpp">
      <Filter>Header Files</Filter>
    </ClInclude>
    <ClInclude Include="Source\Atom\Graphics\Texture.hpp">
      <Filter>Header Files</Filter>
    </ClInclude>
    <ClInclude Include="Source\Atom\Graphics\Window.hpp">
      <Filter>Header Files</Filter>
    </ClInclude>
    <ClInclude Include="Source\Atom\Input\Input.hpp">
      <Filter>Header Files</Filter>
    </ClInclude>
    <ClInclude Include="Source\Atom\Input\Joystick.hpp">
      <Filter>Header Files</Filter>
    </ClInclude>
    <ClInclude Include="Source\Atom\Input\Keyboard.hpp">
      <Filter>Header Files</Filter>
    </ClInclude>
    <ClInclude Include="Source\Atom\Input\Mouse.hpp">
      <Filter>Header Files</Filter>
    </ClInclude>
    <ClInclude Include="Source\Atom\Math\Math.hpp">
      <Filter>Header Files</Filter>
    </ClInclude>
    <ClInclude Include="Source\Atom\Math\Matrix4.hpp">
      <Filter>Header Files</Filter>
    </ClInclude>
    <ClInclude Include="Source\Atom\Math\Random.hpp">
      <Filter>Header Files</Filter>
    </ClInclude>
    <ClInclude Include="Source\Atom\Math\Vector2.hpp">
      <Filter>Header Files</Filter>
    </ClInclude>
    <ClInclude Include="Source\Atom\Math\Vector3.hpp">
      <Filter>Header Files</Filter>
    </ClInclude>
    <ClInclude Include="Source\Atom\Math\Vector4.hpp">
      <Filter>Header Files</Filter>
    </ClInclude>
    <ClInclude Include="Source\Atom\Physics\Body2D.hpp">
      <Filter>Header Files</Filter>
    </ClInclude>
    <ClInclude Include="Source\Atom\Physics\Physics2D.hpp">
      <Filter>Header Files</Filter>
    </ClInclude>
    <ClInclude Include="Source\Atom\Physics\Physics2DManager.hpp">
      <Filter>Header Files</Filter>
    </ClInclude>
    <ClInclude Include="Source\Atom\Scenes\Scene.hpp">
      <Filter>Header Files</Filter>
    </ClInclude>
    <ClInclude Include="Source\Atom\Scenes\SceneManager.hpp">
      <Filter>Header Files</Filter>
    </ClInclude>
    <ClInclude Include="Source\Atom\Time\Time.hpp">
      <Filter>Header Files</Filter>
    </ClInclude>
    <ClInclude Include="Source\Atom\Time\Timer.hpp">
      <Filter>Header Files</Filter>
    </ClInclude>
    <ClInclude Include="Source\Atom\Utils\FileUtils.hpp">
      <Filter>Header Files</Filter>
    </ClInclude>
    <ClInclude Include="Source\Atom\Utils\ImageUtils.hpp">
      <Filter>Header Files</Filter>
    </ClInclude>
    <ClInclude Include="Source\Atom\Utils\StringUtils.hpp">
      <Filter>Header Files</Filter>
    </ClInclude>
  </ItemGroup>
  <ItemGroup>
    <ClCompile Include="Vendor\FreeType\src\autofit\autofit.c">
      <Filter>Source Files</Filter>
    </ClCompile>
    <ClCompile Include="Vendor\FreeType\src\base\ftbase.c">
      <Filter>Source Files</Filter>
    </ClCompile>
    <ClCompile Include="Vendor\FreeType\src\base\ftbbox.c">
      <Filter>Source Files</Filter>
    </ClCompile>
    <ClCompile Include="Vendor\FreeType\src\base\ftbitmap.c">
      <Filter>Source Files</Filter>
    </ClCompile>
    <ClCompile Include="Vendor\FreeType\src\base\ftdebug.c">
      <Filter>Source Files</Filter>
    </ClCompile>
    <ClCompile Include="Vendor\FreeType\src\base\ftfstype.c">
      <Filter>Source Files</Filter>
    </ClCompile>
    <ClCompile Include="Vendor\FreeType\src\base\ftgasp.c">
      <Filter>Source Files</Filter>
    </ClCompile>
    <ClCompile Include="Vendor\FreeType\src\base\ftglyph.c">
      <Filter>Source Files</Filter>
    </ClCompile>
    <ClCompile Include="Vendor\FreeType\src\base\ftgxval.c">
      <Filter>Source Files</Filter>
    </ClCompile>
    <ClCompile Include="Vendor\FreeType\src\base\ftinit.c">
      <Filter>Source Files</Filter>
    </ClCompile>
    <ClCompile Include="Vendor\FreeType\src\base\ftlcdfil.c">
      <Filter>Source Files</Filter>
    </ClCompile>
    <ClCompile Include="Vendor\FreeType\src\base\ftmm.c">
      <Filter>Source Files</Filter>
    </ClCompile>
    <ClCompile Include="Vendor\FreeType\src\base\ftotval.c">
      <Filter>Source Files</Filter>
    </ClCompile>
    <ClCompile Include="Vendor\FreeType\src\base\ftpatent.c">
      <Filter>Source Files</Filter>
    </ClCompile>
    <ClCompile Include="Vendor\FreeType\src\base\ftpfr.c">
      <Filter>Source Files</Filter>
    </ClCompile>
    <ClCompile Include="Vendor\FreeType\src\base\ftstroke.c">
      <Filter>Source Files</Filter>
    </ClCompile>
    <ClCompile Include="Vendor\FreeType\src\base\ftsynth.c">
      <Filter>Source Files</Filter>
    </ClCompile>
    <ClCompile Include="Vendor\FreeType\src\base\ftsystem.c">
      <Filter>Source Files</Filter>
    </ClCompile>
    <ClCompile Include="Vendor\FreeType\src\base\fttype1.c">
      <Filter>Source Files</Filter>
    </ClCompile>
    <ClCompile Include="Vendor\FreeType\src\base\ftwinfnt.c">
      <Filter>Source Files</Filter>
    </ClCompile>
    <ClCompile Include="Vendor\FreeType\src\base\ftxf86.c">
      <Filter>Source Files</Filter>
    </ClCompile>
    <ClCompile Include="Vendor\FreeType\src\bdf\bdf.c">
      <Filter>Source Files</Filter>
    </ClCompile>
    <ClCompile Include="Vendor\FreeType\src\cache\ftcache.c">
      <Filter>Source Files</Filter>
    </ClCompile>
    <ClCompile Include="Vendor\FreeType\src\cff\cff.c">
      <Filter>Source Files</Filter>
    </ClCompile>
    <ClCompile Include="Vendor\FreeType\src\cid\type1cid.c">
      <Filter>Source Files</Filter>
    </ClCompile>
    <ClCompile Include="Vendor\FreeType\src\gzip\ftgzip.c">
      <Filter>Source Files</Filter>
    </ClCompile>
    <ClCompile Include="Vendor\FreeType\src\lzw\ftlzw.c">
      <Filter>Source Files</Filter>
    </ClCompile>
    <ClCompile Include="Vendor\FreeType\src\pcf\pcf.c">
      <Filter>Source Files</Filter>
    </ClCompile>
    <ClCompile Include="Vendor\FreeType\src\pfr\pfr.c">
      <Filter>Source Files</Filter>
    </ClCompile>
    <ClCompile Include="Vendor\FreeType\src\psaux\psaux.c">
      <Filter>Source Files</Filter>
    </ClCompile>
    <ClCompile Include="Vendor\FreeType\src\pshinter\pshinter.c">
      <Filter>Source Files</Filter>
    </ClCompile>
    <ClCompile Include="Vendor\FreeType\src\psnames\psmodule.c">
      <Filter>Source Files</Filter>
    </ClCompile>
    <ClCompile Include="Vendor\FreeType\src\raster\raster.c">
      <Filter>Source Files</Filter>
    </ClCompile>
    <ClCompile Include="Vendor\FreeType\src\sfnt\sfnt.c">
      <Filter>Source Files</Filter>
    </ClCompile>
    <ClCompile Include="Vendor\FreeType\src\smooth\smooth.c">
      <Filter>Source Files</Filter>
    </ClCompile>
    <ClCompile Include="Vendor\FreeType\src\truetype\truetype.c">
      <Filter>Source Files</Filter>
    </ClCompile>
    <ClCompile Include="Vendor\FreeType\src\type1\type1.c">
      <Filter>Source Files</Filter>
    </ClCompile>
    <ClCompile Include="Vendor\FreeType\src\type42\type42.c">
      <Filter>Source Files</Filter>
    </ClCompile>
    <ClCompile Include="Vendor\FreeType\src\winfonts\winfnt.c">
      <Filter>Source Files</Filter>
    </ClCompile>
    <ClCompile Include="Vendor\GLEW\src\glew.c">
      <Filter>Source Files</Filter>
    </ClCompile>
    <ClCompile Include="Vendor\FreeType\freetype-gl\platform.c">
      <Filter>Source Files</Filter>
    </ClCompile>
    <ClCompile Include="Vendor\FreeType\freetype-gl\texture-atlas.c">
      <Filter>Source Files</Filter>
    </ClCompile>
    <ClCompile Include="Vendor\FreeType\freetype-gl\texture-font.c">
      <Filter>Source Files</Filter>
    </ClCompile>
    <ClCompile Include="Vendor\FreeType\freetype-gl\vector.c">
      <Filter>Source Files</Filter>
    </ClCompile>
    <ClCompile Include="Vendor\Box2D\Box2D\Collision\Shapes\b2ChainShape.cpp">
      <Filter>Source Files</Filter>
    </ClCompile>
    <ClCompile Include="Vendor\Box2D\Box2D\Collision\Shapes\b2CircleShape.cpp">
      <Filter>Source Files</Filter>
    </ClCompile>
    <ClCompile Include="Vendor\Box2D\Box2D\Collision\Shapes\b2EdgeShape.cpp">
      <Filter>Source Files</Filter>
    </ClCompile>
    <ClCompile Include="Vendor\Box2D\Box2D\Collision\Shapes\b2PolygonShape.cpp">
      <Filter>Source Files</Filter>
    </ClCompile>
    <ClCompile Include="Vendor\Box2D\Box2D\Collision\b2BroadPhase.cpp">
      <Filter>Source Files</Filter>
    </ClCompile>
    <ClCompile Include="Vendor\Box2D\Box2D\Collision\b2CollideCircle.cpp">
      <Filter>Source Files</Filter>
    </ClCompile>
    <ClCompile Include="Vendor\Box2D\Box2D\Collision\b2CollideEdge.cpp">
      <Filter>Source Files</Filter>
    </ClCompile>
    <ClCompile Include="Vendor\Box2D\Box2D\Collision\b2CollidePolygon.cpp">
      <Filter>Source Files</Filter>
    </ClCompile>
    <ClCompile Include="Vendor\Box2D\Box2D\Collision\b2Collision.cpp">
      <Filter>Source Files</Filter>
    </ClCompile>
    <ClCompile Include="Vendor\Box2D\Box2D\Collision\b2Distance.cpp">
      <Filter>Source Files</Filter>
    </ClCompile>
    <ClCompile Include="Vendor\Box2D\Box2D\Collision\b2DynamicTree.cpp">
      <Filter>Source Files</Filter>
    </ClCompile>
    <ClCompile Include="Vendor\Box2D\Box2D\Collision\b2TimeOfImpact.cpp">
      <Filter>Source Files</Filter>
    </ClCompile>
    <ClCompile Include="Vendor\Box2D\Box2D\Common\b2BlockAllocator.cpp">
      <Filter>Source Files</Filter>
    </ClCompile>
    <ClCompile Include="Vendor\Box2D\Box2D\Common\b2Draw.cpp">
      <Filter>Source Files</Filter>
    </ClCompile>
    <ClCompile Include="Vendor\Box2D\Box2D\Common\b2Math.cpp">
      <Filter>Source Files</Filter>
    </ClCompile>
    <ClCompile Include="Vendor\Box2D\Box2D\Common\b2Settings.cpp">
      <Filter>Source Files</Filter>
    </ClCompile>
    <ClCompile Include="Vendor\Box2D\Box2D\Common\b2StackAllocator.cpp">
      <Filter>Source Files</Filter>
    </ClCompile>
    <ClCompile Include="Vendor\Box2D\Box2D\Common\b2Timer.cpp">
      <Filter>Source Files</Filter>
    </ClCompile>
    <ClCompile Include="Vendor\Box2D\Box2D\Dynamics\Contacts\b2ChainAndCircleContact.cpp">
      <Filter>Source Files</Filter>
    </ClCompile>
    <ClCompile Include="Vendor\Box2D\Box2D\Dynamics\Contacts\b2ChainAndPolygonContact.cpp">
      <Filter>Source Files</Filter>
    </ClCompile>
    <ClCompile Include="Vendor\Box2D\Box2D\Dynamics\Contacts\b2CircleContact.cpp">
      <Filter>Source Files</Filter>
    </ClCompile>
    <ClCompile Include="Vendor\Box2D\Box2D\Dynamics\Contacts\b2Contact.cpp">
      <Filter>Source Files</Filter>
    </ClCompile>
    <ClCompile Include="Vendor\Box2D\Box2D\Dynamics\Contacts\b2ContactSolver.cpp">
      <Filter>Source Files</Filter>
    </ClCompile>
    <ClCompile Include="Vendor\Box2D\Box2D\Dynamics\Contacts\b2EdgeAndCircleContact.cpp">
      <Filter>Source Files</Filter>
    </ClCompile>
    <ClCompile Include="Vendor\Box2D\Box2D\Dynamics\Contacts\b2EdgeAndPolygonContact.cpp">
      <Filter>Source Files</Filter>
    </ClCompile>
    <ClCompile Include="Vendor\Box2D\Box2D\Dynamics\Contacts\b2PolygonAndCircleContact.cpp">
      <Filter>Source Files</Filter>
    </ClCompile>
    <ClCompile Include="Vendor\Box2D\Box2D\Dynamics\Contacts\b2PolygonContact.cpp">
      <Filter>Source Files</Filter>
    </ClCompile>
    <ClCompile Include="Vendor\Box2D\Box2D\Dynamics\Joints\b2DistanceJoint.cpp">
      <Filter>Source Files</Filter>
    </ClCompile>
    <ClCompile Include="Vendor\Box2D\Box2D\Dynamics\Joints\b2FrictionJoint.cpp">
      <Filter>Source Files</Filter>
    </ClCompile>
    <ClCompile Include="Vendor\Box2D\Box2D\Dynamics\Joints\b2GearJoint.cpp">
      <Filter>Source Files</Filter>
    </ClCompile>
    <ClCompile Include="Vendor\Box2D\Box2D\Dynamics\Joints\b2Joint.cpp">
      <Filter>Source Files</Filter>
    </ClCompile>
    <ClCompile Include="Vendor\Box2D\Box2D\Dynamics\Joints\b2MotorJoint.cpp">
      <Filter>Source Files</Filter>
    </ClCompile>
    <ClCompile Include="Vendor\Box2D\Box2D\Dynamics\Joints\b2MouseJoint.cpp">
      <Filter>Source Files</Filter>
    </ClCompile>
    <ClCompile Include="Vendor\Box2D\Box2D\Dynamics\Joints\b2PrismaticJoint.cpp">
      <Filter>Source Files</Filter>
    </ClCompile>
    <ClCompile Include="Vendor\Box2D\Box2D\Dynamics\Joints\b2PulleyJoint.cpp">
      <Filter>Source Files</Filter>
    </ClCompile>
    <ClCompile Include="Vendor\Box2D\Box2D\Dynamics\Joints\b2RevoluteJoint.cpp">
      <Filter>Source Files</Filter>
    </ClCompile>
    <ClCompile Include="Vendor\Box2D\Box2D\Dynamics\Joints\b2RopeJoint.cpp">
      <Filter>Source Files</Filter>
    </ClCompile>
    <ClCompile Include="Vendor\Box2D\Box2D\Dynamics\Joints\b2WeldJoint.cpp">
      <Filter>Source Files</Filter>
    </ClCompile>
    <ClCompile Include="Vendor\Box2D\Box2D\Dynamics\Joints\b2WheelJoint.cpp">
      <Filter>Source Files</Filter>
    </ClCompile>
    <ClCompile Include="Vendor\Box2D\Box2D\Dynamics\b2Body.cpp">
      <Filter>Source Files</Filter>
    </ClCompile>
    <ClCompile Include="Vendor\Box2D\Box2D\Dynamics\b2ContactManager.cpp">
      <Filter>Source Files</Filter>
    </ClCompile>
    <ClCompile Include="Vendor\Box2D\Box2D\Dynamics\b2Fixture.cpp">
      <Filter>Source Files</Filter>
    </ClCompile>
    <ClCompile Include="Vendor\Box2D\Box2D\Dynamics\b2Island.cpp">
      <Filter>Source Files</Filter>
    </ClCompile>
    <ClCompile Include="Vendor\Box2D\Box2D\Dynamics\b2World.cpp">
      <Filter>Source Files</Filter>
    </ClCompile>
    <ClCompile Include="Vendor\Box2D\Box2D\Dynamics\b2WorldCallbacks.cpp">
      <Filter>Source Files</Filter>
    </ClCompile>
    <ClCompile Include="Vendor\Box2D\Box2D\Rope\b2Rope.cpp">
      <Filter>Source Files</Filter>
    </ClCompile>
    <ClCompile Include="Vendor\GorillaAudio\src\common\gc_common.c">
      <Filter>Source Files</Filter>
    </ClCompile>
    <ClCompile Include="Vendor\GorillaAudio\src\common\gc_thread.c">
      <Filter>Source Files</Filter>
    </ClCompile>
    <ClCompile Include="Vendor\GorillaAudio\src\devices\ga_openal.c">
      <Filter>Source Files</Filter>
    </ClCompile>
    <ClCompile Include="Vendor\GorillaAudio\src\ga.c">
      <Filter>Source Files</Filter>
    </ClCompile>
    <ClCompile Include="Vendor\GorillaAudio\src\ga_stream.c">
      <Filter>Source Files</Filter>
    </ClCompile>
    <ClCompile Include="Vendor\GorillaAudio\src\gau.c">
      <Filter>Source Files</Filter>
    </ClCompile>
    <ClCompile Include="Vendor\GorillaAudio\ext\libogg\src\bitwise.c">
      <Filter>Source Files</Filter>
    </ClCompile>
    <ClCompile Include="Vendor\GorillaAudio\ext\libogg\src\framing.c">
      <Filter>Source Files</Filter>
    </ClCompile>
    <ClCompile Include="Vendor\GorillaAudio\ext\libvorbis\lib\analysis.c">
      <Filter>Source Files</Filter>
    </ClCompile>
    <ClCompile Include="Vendor\GorillaAudio\ext\libvorbis\lib\bitrate.c">
      <Filter>Source Files</Filter>
    </ClCompile>
    <ClCompile Include="Vendor\GorillaAudio\ext\libvorbis\lib\block.c">
      <Filter>Source Files</Filter>
    </ClCompile>
    <ClCompile Include="Vendor\GorillaAudio\ext\libvorbis\lib\codebook.c">
      <Filter>Source Files</Filter>
    </ClCompile>
    <ClCompile Include="Vendor\GorillaAudio\ext\libvorbis\lib\envelope.c">
      <Filter>Source Files</Filter>
    </ClCompile>
    <ClCompile Include="Vendor\GorillaAudio\ext\libvorbis\lib\floor0.c">
      <Filter>Source Files</Filter>
    </ClCompile>
    <ClCompile Include="Vendor\GorillaAudio\ext\libvorbis\lib\floor1.c">
      <Filter>Source Files</Filter>
    </ClCompile>
    <ClCompile Include="Vendor\GorillaAudio\ext\libvorbis\lib\info.c">
      <Filter>Source Files</Filter>
    </ClCompile>
    <ClCompile Include="Vendor\GorillaAudio\ext\libvorbis\lib\lpc.c">
      <Filter>Source Files</Filter>
    </ClCompile>
    <ClCompile Include="Vendor\GorillaAudio\ext\libvorbis\lib\lsp.c">
      <Filter>Source Files</Filter>
    </ClCompile>
    <ClCompile Include="Vendor\GorillaAudio\ext\libvorbis\lib\mdct.c">
      <Filter>Source Files</Filter>
    </ClCompile>
    <ClCompile Include="Vendor\GorillaAudio\ext\libvorbis\lib\psy.c">
      <Filter>Source Files</Filter>
    </ClCompile>
    <ClCompile Include="Vendor\GorillaAudio\ext\libvorbis\lib\registry.c">
      <Filter>Source Files</Filter>
    </ClCompile>
    <ClCompile Include="Vendor\GorillaAudio\ext\libvorbis\lib\res0.c">
      <Filter>Source Files</Filter>
    </ClCompile>
    <ClCompile Include="Vendor\GorillaAudio\ext\libvorbis\lib\sharedbook.c">
      <Filter>Source Files</Filter>
    </ClCompile>
    <ClCompile Include="Vendor\GorillaAudio\ext\libvorbis\lib\smallft.c">
      <Filter>Source Files</Filter>
    </ClCompile>
    <ClCompile Include="Vendor\GorillaAudio\ext\libvorbis\lib\synthesis.c">
      <Filter>Source Files</Filter>
    </ClCompile>
    <ClCompile Include="Vendor\GorillaAudio\ext\libvorbis\lib\vorbisenc.c">
      <Filter>Source Files</Filter>
    </ClCompile>
    <ClCompile Include="Vendor\GorillaAudio\ext\libvorbis\lib\vorbisfile.c">
      <Filter>Source Files</Filter>
    </ClCompile>
    <ClCompile Include="Vendor\GorillaAudio\ext\libvorbis\lib\window_vorbis.c">
      <Filter>Source Files</Filter>
    </ClCompile>
    <ClCompile Include="Vendor\GorillaAudio\ext\libvorbis\lib\mapping0.c">
      <Filter>Source Files</Filter>
    </ClCompile>
    <ClCompile Include="Source\Atom\Engine.cpp">
      <Filter>Source Files</Filter>
    </ClCompile>
    <ClCompile Include="Source\Atom\Audio\AudioManager.cpp">
      <Filter>Source Files</Filter>
    </ClCompile>
    <ClCompile Include="Source\Atom\Audio\Sound.cpp">
      <Filter>Source Files</Filter>
    </ClCompile>
    <ClCompile Include="Source\Atom\Debug\Debug.cpp">
      <Filter>Source Files</Filter>
    </ClCompile>
    <ClCompile Include="Source\Atom\Graphics\Buffers\FrameBuffer.cpp">
      <Filter>Source Files</Filter>
    </ClCompile>
    <ClCompile Include="Source\Atom\Graphics\Buffers\IndexBuffer.cpp">
      <Filter>Source Files</Filter>
    </ClCompile>
    <ClCompile Include="Source\Atom\Graphics\Buffers\VertexArray.cpp">
      <Filter>Source Files</Filter>
    </ClCompile>
    <ClCompile Include="Source\Atom\Graphics\Buffers\VertexBuffer.cpp">
      <Filter>Source Files</Filter>
    </ClCompile>
    <ClCompile Include="Source\Atom\Graphics\Layers\Group.cpp">
      <Filter>Source Files</Filter>
    </ClCompile>
    <ClCompile Include="Source\Atom\Graphics\Layers\Layer.cpp">
      <Filter>Source Files</Filter>
    </ClCompile>
    <ClCompile Include="Source\Atom\Graphics\Renderables\Renderable2D.cpp">
      <Filter>Source Files</Filter>
    </ClCompile>
    <ClCompile Include="Source\Atom\Graphics\Renderables\Sprite.cpp">
      <Filter>Source Files</Filter>
    </ClCompile>
    <ClCompile Include="Source\Atom\Graphics\Shaders\Shader.cpp">
      <Filter>Source Files</Filter>
    </ClCompile>
    <ClCompile Include="Source\Atom\Graphics\Text\Arial.cpp">
      <Filter>Source Files</Filter>
    </ClCompile>
    <ClCompile Include="Source\Atom\Graphics\Text\Font.cpp">
      <Filter>Source Files</Filter>
    </ClCompile>
    <ClCompile Include="Source\Atom\Graphics\Text\FontManager.cpp">
      <Filter>Source Files</Filter>
    </ClCompile>
    <ClCompile Include="Source\Atom\Graphics\Text\Label.cpp">
      <Filter>Source Files</Filter>
    </ClCompile>
    <ClCompile Include="Source\Atom\Graphics\Color.cpp">
      <Filter>Source Files</Filter>
    </ClCompile>
    <ClCompile Include="Source\Atom\Graphics\Light2D.cpp">
      <Filter>Source Files</Filter>
    </ClCompile>
    <ClCompile Include="Source\Atom\Graphics\OpenGL.cpp">
      <Filter>Source Files</Filter>
    </ClCompile>
    <ClCompile Include="Source\Atom\Graphics\Renderer2D.cpp">
      <Filter>Source Files</Filter>
    </ClCompile>
    <ClCompile Include="Source\Atom\Graphics\Texture.cpp">
      <Filter>Source Files</Filter>
    </ClCompile>
    <ClCompile Include="Source\Atom\Graphics\Window.cpp">
      <Filter>Source Files</Filter>
    </ClCompile>
    <ClCompile Include="Source\Atom\Input\Input.cpp">
      <Filter>Source Files</Filter>
    </ClCompile>
    <ClCompile Include="Source\Atom\Math\Math.cpp">
      <Filter>Source Files</Filter>
    </ClCompile>
    <ClCompile Include="Source\Atom\Math\Matrix4.cpp">
      <Filter>Source Files</Filter>
    </ClCompile>
    <ClCompile Include="Source\Atom\Math\Random.cpp">
      <Filter>Source Files</Filter>
    </ClCompile>
    <ClCompile Include="Source\Atom\Math\Vector2.cpp">
      <Filter>Source Files</Filter>
    </ClCompile>
    <ClCompile Include="Source\Atom\Math\Vector3.cpp">
      <Filter>Source Files</Filter>
    </ClCompile>
    <ClCompile Include="Source\Atom\Math\Vector4.cpp">
      <Filter>Source Files</Filter>
    </ClCompile>
    <ClCompile Include="Source\Atom\Physics\Body2D.cpp">
      <Filter>Source Files</Filter>
    </ClCompile>
    <ClCompile Include="Source\Atom\Physics\Physics2DManager.cpp">
      <Filter>Source Files</Filter>
    </ClCompile>
    <ClCompile Include="Source\Atom\Scenes\SceneManager.cpp">
      <Filter>Source Files</Filter>
    </ClCompile>
    <ClCompile Include="Source\Atom\Time\Time.cpp">
      <Filter>Source Files</Filter>
    </ClCompile>
    <ClCompile Include="Source\Atom\Time\Timer.cpp">
      <Filter>Source Files</Filter>
    </ClCompile>
    <ClCompile Include="Source\Atom\Utils\FileUtils.cpp">
      <Filter>Source Files</Filter>
    </ClCompile>
    <ClCompile Include="Source\Atom\Utils\ImageUtils.cpp">
      <Filter>Source Files</Filter>
    </ClCompile>
    <ClCompile Include="Source\Atom\Utils\StringUtils.cpp">
      <Filter>Source Files</Filter>
    </ClCompile>
  </ItemGroup>
</Project>